
Microsoft Visual Studio Solution File, Format Version 12.00
# Visual Studio Version 17
VisualStudioVersion = 17.12.35707.178
MinimumVisualStudioVersion = 10.0.40219.1
Project("{FAE04EC0-301F-11D3-BF4B-00C04F79EFBC}") = "ConsoleApp1", "ConsoleApp1\ConsoleApp1.csproj", "{C172AFAE-E2E1-47BA-ABA2-556E624988E6}"
EndProject
Project("{FAE04EC0-301F-11D3-BF4B-00C04F79EFBC}") = "ConsoleApp_Homework1", "ConsoleApp_Homework1\ConsoleApp_Homework1.csproj", "{F0B35E0E-E4E4-4BE1-9B8B-048E681D1587}"
EndProject
Project("{FAE04EC0-301F-11D3-BF4B-00C04F79EFBC}") = "ConsoleApp_Homework2", "ConsoleApp_Homework2\ConsoleApp_Homework2.csproj", "{5677ADBB-DD6E-4746-8D1A-D6079443DC56}"
EndProject
Project("{FAE04EC0-301F-11D3-BF4B-00C04F79EFBC}") = "ConsoleApp_Homework3", "ConsoleApp_Homework3\ConsoleApp_Homework3.csproj", "{38F23EA5-2F98-418B-B495-A9349A9A457F}"
EndProject
Project("{FAE04EC0-301F-11D3-BF4B-00C04F79EFBC}") = "ConsoleApp_Homework4", "ConsoleApp_Homework4\ConsoleApp_Homework4.csproj", "{50A95FC2-269B-463D-ADC1-2040AD44533A}"
EndProject
Project("{FAE04EC0-301F-11D3-BF4B-00C04F79EFBC}") = "ConsoleApp_Homework5", "ConsoleApp_Homework5\ConsoleApp_Homework5.csproj", "{186BBFBF-758E-432C-B2DA-0DC10AD9A50B}"
EndProject
Project("{FAE04EC0-301F-11D3-BF4B-00C04F79EFBC}") = "ConsoleApp_Homework6", "ConsoleApp_Homework6\ConsoleApp_Homework6.csproj", "{7CD45441-8C71-4BAF-A638-EAA6776CE0E7}"
EndProject
Project("{FAE04EC0-301F-11D3-BF4B-00C04F79EFBC}") = "ConsoleApp_Homework7", "ConsoleApp_Homework7\ConsoleApp_Homework7.csproj", "{1AC4F658-7C71-4FDA-BFAE-7B0673E9E176}"
EndProject
Project("{FAE04EC0-301F-11D3-BF4B-00C04F79EFBC}") = "ConsoleApp_Homework8", "ConsoleApp_Homework8\ConsoleApp_Homework8.csproj", "{0DF37B1F-3266-4E03-8E44-D04090732705}"
EndProject
Project("{FAE04EC0-301F-11D3-BF4B-00C04F79EFBC}") = "ConsoleApp2", "ConsoleApp2\ConsoleApp2.csproj", "{EBCC3D47-A3A9-43DA-A2CE-FF5EC4E2635F}"
EndProject
Project("{FAE04EC0-301F-11D3-BF4B-00C04F79EFBC}") = "ConsoleApp3", "ConsoleApp3\ConsoleApp3.csproj", "{3637A47B-2190-4DAB-8256-C22495BA7D2C}"
EndProject
Global
	GlobalSection(SolutionConfigurationPlatforms) = preSolution
		Debug|Any CPU = Debug|Any CPU
		Release|Any CPU = Release|Any CPU
	EndGlobalSection
	GlobalSection(ProjectConfigurationPlatforms) = postSolution
		{C172AFAE-E2E1-47BA-ABA2-556E624988E6}.Debug|Any CPU.ActiveCfg = Debug|Any CPU
		{C172AFAE-E2E1-47BA-ABA2-556E624988E6}.Debug|Any CPU.Build.0 = Debug|Any CPU
		{C172AFAE-E2E1-47BA-ABA2-556E624988E6}.Release|Any CPU.ActiveCfg = Release|Any CPU
		{C172AFAE-E2E1-47BA-ABA2-556E624988E6}.Release|Any CPU.Build.0 = Release|Any CPU
		{F0B35E0E-E4E4-4BE1-9B8B-048E681D1587}.Debug|Any CPU.ActiveCfg = Debug|Any CPU
		{F0B35E0E-E4E4-4BE1-9B8B-048E681D1587}.Debug|Any CPU.Build.0 = Debug|Any CPU
		{F0B35E0E-E4E4-4BE1-9B8B-048E681D1587}.Release|Any CPU.ActiveCfg = Release|Any CPU
		{F0B35E0E-E4E4-4BE1-9B8B-048E681D1587}.Release|Any CPU.Build.0 = Release|Any CPU
		{5677ADBB-DD6E-4746-8D1A-D6079443DC56}.Debug|Any CPU.ActiveCfg = Debug|Any CPU
		{5677ADBB-DD6E-4746-8D1A-D6079443DC56}.Debug|Any CPU.Build.0 = Debug|Any CPU
		{5677ADBB-DD6E-4746-8D1A-D6079443DC56}.Release|Any CPU.ActiveCfg = Release|Any CPU
		{5677ADBB-DD6E-4746-8D1A-D6079443DC56}.Release|Any CPU.Build.0 = Release|Any CPU
		{38F23EA5-2F98-418B-B495-A9349A9A457F}.Debug|Any CPU.ActiveCfg = Debug|Any CPU
		{38F23EA5-2F98-418B-B495-A9349A9A457F}.Debug|Any CPU.Build.0 = Debug|Any CPU
		{38F23EA5-2F98-418B-B495-A9349A9A457F}.Release|Any CPU.ActiveCfg = Release|Any CPU
		{38F23EA5-2F98-418B-B495-A9349A9A457F}.Release|Any CPU.Build.0 = Release|Any CPU
		{50A95FC2-269B-463D-ADC1-2040AD44533A}.Debug|Any CPU.ActiveCfg = Debug|Any CPU
		{50A95FC2-269B-463D-ADC1-2040AD44533A}.Debug|Any CPU.Build.0 = Debug|Any CPU
		{50A95FC2-269B-463D-ADC1-2040AD44533A}.Release|Any CPU.ActiveCfg = Release|Any CPU
		{50A95FC2-269B-463D-ADC1-2040AD44533A}.Release|Any CPU.Build.0 = Release|Any CPU
		{186BBFBF-758E-432C-B2DA-0DC10AD9A50B}.Debug|Any CPU.ActiveCfg = Debug|Any CPU
		{186BBFBF-758E-432C-B2DA-0DC10AD9A50B}.Debug|Any CPU.Build.0 = Debug|Any CPU
		{186BBFBF-758E-432C-B2DA-0DC10AD9A50B}.Release|Any CPU.ActiveCfg = Release|Any CPU
		{186BBFBF-758E-432C-B2DA-0DC10AD9A50B}.Release|Any CPU.Build.0 = Release|Any CPU
		{7CD45441-8C71-4BAF-A638-EAA6776CE0E7}.Debug|Any CPU.ActiveCfg = Debug|Any CPU
		{7CD45441-8C71-4BAF-A638-EAA6776CE0E7}.Debug|Any CPU.Build.0 = Debug|Any CPU
		{7CD45441-8C71-4BAF-A638-EAA6776CE0E7}.Release|Any CPU.ActiveCfg = Release|Any CPU
		{7CD45441-8C71-4BAF-A638-EAA6776CE0E7}.Release|Any CPU.Build.0 = Release|Any CPU
		{1AC4F658-7C71-4FDA-BFAE-7B0673E9E176}.Debug|Any CPU.ActiveCfg = Debug|Any CPU
		{1AC4F658-7C71-4FDA-BFAE-7B0673E9E176}.Debug|Any CPU.Build.0 = Debug|Any CPU
		{1AC4F658-7C71-4FDA-BFAE-7B0673E9E176}.Release|Any CPU.ActiveCfg = Release|Any CPU
		{1AC4F658-7C71-4FDA-BFAE-7B0673E9E176}.Release|Any CPU.Build.0 = Release|Any CPU
		{0DF37B1F-3266-4E03-8E44-D04090732705}.Debug|Any CPU.ActiveCfg = Debug|Any CPU
		{0DF37B1F-3266-4E03-8E44-D04090732705}.Debug|Any CPU.Build.0 = Debug|Any CPU
		{0DF37B1F-3266-4E03-8E44-D04090732705}.Release|Any CPU.ActiveCfg = Release|Any CPU
		{0DF37B1F-3266-4E03-8E44-D04090732705}.Release|Any CPU.Build.0 = Release|Any CPU
		{EBCC3D47-A3A9-43DA-A2CE-FF5EC4E2635F}.Debug|Any CPU.ActiveCfg = Debug|Any CPU
		{EBCC3D47-A3A9-43DA-A2CE-FF5EC4E2635F}.Debug|Any CPU.Build.0 = Debug|Any CPU
		{EBCC3D47-A3A9-43DA-A2CE-FF5EC4E2635F}.Release|Any CPU.ActiveCfg = Release|Any CPU
		{EBCC3D47-A3A9-43DA-A2CE-FF5EC4E2635F}.Release|Any CPU.Build.0 = Release|Any CPU
		{3637A47B-2190-4DAB-8256-C22495BA7D2C}.Debug|Any CPU.ActiveCfg = Debug|Any CPU
		{3637A47B-2190-4DAB-8256-C22495BA7D2C}.Debug|Any CPU.Build.0 = Debug|Any CPU
		{3637A47B-2190-4DAB-8256-C22495BA7D2C}.Release|Any CPU.ActiveCfg = Release|Any CPU
		{3637A47B-2190-4DAB-8256-C22495BA7D2C}.Release|Any CPU.Build.0 = Release|Any CPU
	EndGlobalSection
	GlobalSection(SolutionProperties) = preSolution
		HideSolutionNode = FALSE
	EndGlobalSection
EndGlobal
